// !$*UTF8*$!
{
	archiveVersion = 1;
	classes = {
	};
	objectVersion = 51;
	objects = {

/* Begin PBXBuildFile section */
		24AAFD0A25114C7D00BE096A /* AppDelegate.swift in Sources */ = {isa = PBXBuildFile; fileRef = 24AAFD0925114C7D00BE096A /* AppDelegate.swift */; };
		24AAFD0C25114C7D00BE096A /* SceneDelegate.swift in Sources */ = {isa = PBXBuildFile; fileRef = 24AAFD0B25114C7D00BE096A /* SceneDelegate.swift */; };
		24AAFD0E25114C7D00BE096A /* ViewController.swift in Sources */ = {isa = PBXBuildFile; fileRef = 24AAFD0D25114C7D00BE096A /* ViewController.swift */; };
		24AAFD1125114C7D00BE096A /* Main.storyboard in Resources */ = {isa = PBXBuildFile; fileRef = 24AAFD0F25114C7D00BE096A /* Main.storyboard */; };
		24AAFD1325114C8000BE096A /* Assets.xcassets in Resources */ = {isa = PBXBuildFile; fileRef = 24AAFD1225114C8000BE096A /* Assets.xcassets */; };
		24AAFD1625114C8000BE096A /* LaunchScreen.storyboard in Resources */ = {isa = PBXBuildFile; fileRef = 24AAFD1425114C8000BE096A /* LaunchScreen.storyboard */; };
		24AAFD1E25114D6800BE096A /* Readme.md in Resources */ = {isa = PBXBuildFile; fileRef = 24AAFD1D25114D6800BE096A /* Readme.md */; };
		24AAFD212511530500BE096A /* PopularMoviesTableView.swift in Sources */ = {isa = PBXBuildFile; fileRef = 24AAFD202511530500BE096A /* PopularMoviesTableView.swift */; };
		24AAFD242511535D00BE096A /* PopularMovieTableViewCell.xib in Resources */ = {isa = PBXBuildFile; fileRef = 24AAFD232511535D00BE096A /* PopularMovieTableViewCell.xib */; };
		24AAFD26251153E100BE096A /* PopularMovieTableViewCell.swift in Sources */ = {isa = PBXBuildFile; fileRef = 24AAFD25251153E100BE096A /* PopularMovieTableViewCell.swift */; };
		24AAFD282511621800BE096A /* ServerManager.swift in Sources */ = {isa = PBXBuildFile; fileRef = 24AAFD272511621800BE096A /* ServerManager.swift */; };
		24AAFD2B251162B400BE096A /* Movie.swift in Sources */ = {isa = PBXBuildFile; fileRef = 24AAFD2A251162B400BE096A /* Movie.swift */; };
		24C509F12512018F00D703FA /* TopRatedMovieView.xib in Resources */ = {isa = PBXBuildFile; fileRef = 24C509F02512018F00D703FA /* TopRatedMovieView.xib */; };
		24C509F3251201FD00D703FA /* TopRatedMovieView.swift in Sources */ = {isa = PBXBuildFile; fileRef = 24C509F2251201FD00D703FA /* TopRatedMovieView.swift */; };
		24C865E6251219F1004EC6E3 /* StoriePage.xib in Resources */ = {isa = PBXBuildFile; fileRef = 24C865E5251219F1004EC6E3 /* StoriePage.xib */; };
		24C865E825121AC7004EC6E3 /* StoriePage.swift in Sources */ = {isa = PBXBuildFile; fileRef = 24C865E725121AC7004EC6E3 /* StoriePage.swift */; };
		24CBD0C8251290F800DB0451 /* VideoPage.xib in Resources */ = {isa = PBXBuildFile; fileRef = 24CBD0C7251290F800DB0451 /* VideoPage.xib */; };
		24CBD0CA2512910F00DB0451 /* FavoritesPage.xib in Resources */ = {isa = PBXBuildFile; fileRef = 24CBD0C92512910F00DB0451 /* FavoritesPage.xib */; };
		24CBD0CC2512912000DB0451 /* VideoPage.swift in Sources */ = {isa = PBXBuildFile; fileRef = 24CBD0CB2512912000DB0451 /* VideoPage.swift */; };
		24CBD0CE2512912F00DB0451 /* FavoritesPage.swift in Sources */ = {isa = PBXBuildFile; fileRef = 24CBD0CD2512912F00DB0451 /* FavoritesPage.swift */; };
		24CCB4CB25116EDF00228B44 /* SearchTableViewController.swift in Sources */ = {isa = PBXBuildFile; fileRef = 24CCB4CA25116EDF00228B44 /* SearchTableViewController.swift */; };
		F199AE2ABDC3DD43E6356CD8 /* Pods_TMDB.framework in Frameworks */ = {isa = PBXBuildFile; fileRef = 5703B03C300AD49B0FA8F7E2 /* Pods_TMDB.framework */; };
/* End PBXBuildFile section */

/* Begin PBXFileReference section */
		24AAFD0625114C7D00BE096A /* TMDB.app */ = {isa = PBXFileReference; explicitFileType = wrapper.application; includeInIndex = 0; path = TMDB.app; sourceTree = BUILT_PRODUCTS_DIR; };
		24AAFD0925114C7D00BE096A /* AppDelegate.swift */ = {isa = PBXFileReference; lastKnownFileType = sourcecode.swift; path = AppDelegate.swift; sourceTree = "<group>"; };
		24AAFD0B25114C7D00BE096A /* SceneDelegate.swift */ = {isa = PBXFileReference; lastKnownFileType = sourcecode.swift; path = SceneDelegate.swift; sourceTree = "<group>"; };
		24AAFD0D25114C7D00BE096A /* ViewController.swift */ = {isa = PBXFileReference; lastKnownFileType = sourcecode.swift; path = ViewController.swift; sourceTree = "<group>"; };
		24AAFD1025114C7D00BE096A /* Base */ = {isa = PBXFileReference; lastKnownFileType = file.storyboard; name = Base; path = Base.lproj/Main.storyboard; sourceTree = "<group>"; };
		24AAFD1225114C8000BE096A /* Assets.xcassets */ = {isa = PBXFileReference; lastKnownFileType = folder.assetcatalog; path = Assets.xcassets; sourceTree = "<group>"; };
		24AAFD1525114C8000BE096A /* Base */ = {isa = PBXFileReference; lastKnownFileType = file.storyboard; name = Base; path = Base.lproj/LaunchScreen.storyboard; sourceTree = "<group>"; };
		24AAFD1725114C8000BE096A /* Info.plist */ = {isa = PBXFileReference; lastKnownFileType = text.plist.xml; path = Info.plist; sourceTree = "<group>"; };
		24AAFD1D25114D6800BE096A /* Readme.md */ = {isa = PBXFileReference; fileEncoding = 4; lastKnownFileType = net.daringfireball.markdown; path = Readme.md; sourceTree = "<group>"; };
		24AAFD202511530500BE096A /* PopularMoviesTableView.swift */ = {isa = PBXFileReference; lastKnownFileType = sourcecode.swift; path = PopularMoviesTableView.swift; sourceTree = "<group>"; };
		24AAFD232511535D00BE096A /* PopularMovieTableViewCell.xib */ = {isa = PBXFileReference; lastKnownFileType = file.xib; path = PopularMovieTableViewCell.xib; sourceTree = "<group>"; };
		24AAFD25251153E100BE096A /* PopularMovieTableViewCell.swift */ = {isa = PBXFileReference; lastKnownFileType = sourcecode.swift; path = PopularMovieTableViewCell.swift; sourceTree = "<group>"; };
		24AAFD272511621800BE096A /* ServerManager.swift */ = {isa = PBXFileReference; lastKnownFileType = sourcecode.swift; path = ServerManager.swift; sourceTree = "<group>"; };
		24AAFD2A251162B400BE096A /* Movie.swift */ = {isa = PBXFileReference; lastKnownFileType = sourcecode.swift; path = Movie.swift; sourceTree = "<group>"; };
		24C509F02512018F00D703FA /* TopRatedMovieView.xib */ = {isa = PBXFileReference; lastKnownFileType = file.xib; path = TopRatedMovieView.xib; sourceTree = "<group>"; };
		24C509F2251201FD00D703FA /* TopRatedMovieView.swift */ = {isa = PBXFileReference; lastKnownFileType = sourcecode.swift; path = TopRatedMovieView.swift; sourceTree = "<group>"; };
		24C865E5251219F1004EC6E3 /* StoriePage.xib */ = {isa = PBXFileReference; lastKnownFileType = file.xib; path = StoriePage.xib; sourceTree = "<group>"; };
		24C865E725121AC7004EC6E3 /* StoriePage.swift */ = {isa = PBXFileReference; lastKnownFileType = sourcecode.swift; path = StoriePage.swift; sourceTree = "<group>"; };
		24CBD0C7251290F800DB0451 /* VideoPage.xib */ = {isa = PBXFileReference; lastKnownFileType = file.xib; path = VideoPage.xib; sourceTree = "<group>"; };
		24CBD0C92512910F00DB0451 /* FavoritesPage.xib */ = {isa = PBXFileReference; lastKnownFileType = file.xib; path = FavoritesPage.xib; sourceTree = "<group>"; };
		24CBD0CB2512912000DB0451 /* VideoPage.swift */ = {isa = PBXFileReference; lastKnownFileType = sourcecode.swift; path = VideoPage.swift; sourceTree = "<group>"; };
		24CBD0CD2512912F00DB0451 /* FavoritesPage.swift */ = {isa = PBXFileReference; lastKnownFileType = sourcecode.swift; path = FavoritesPage.swift; sourceTree = "<group>"; };
		24CCB4CA25116EDF00228B44 /* SearchTableViewController.swift */ = {isa = PBXFileReference; lastKnownFileType = sourcecode.swift; path = SearchTableViewController.swift; sourceTree = "<group>"; };
		50BBB0B97FE7A61F8A16A4C0 /* Pods-TMDB.release.xcconfig */ = {isa = PBXFileReference; includeInIndex = 1; lastKnownFileType = text.xcconfig; name = "Pods-TMDB.release.xcconfig"; path = "Target Support Files/Pods-TMDB/Pods-TMDB.release.xcconfig"; sourceTree = "<group>"; };
		5703B03C300AD49B0FA8F7E2 /* Pods_TMDB.framework */ = {isa = PBXFileReference; explicitFileType = wrapper.framework; includeInIndex = 0; path = Pods_TMDB.framework; sourceTree = BUILT_PRODUCTS_DIR; };
		F88425639735A34EB006DD48 /* Pods-TMDB.debug.xcconfig */ = {isa = PBXFileReference; includeInIndex = 1; lastKnownFileType = text.xcconfig; name = "Pods-TMDB.debug.xcconfig"; path = "Target Support Files/Pods-TMDB/Pods-TMDB.debug.xcconfig"; sourceTree = "<group>"; };
/* End PBXFileReference section */

/* Begin PBXFrameworksBuildPhase section */
		24AAFD0325114C7D00BE096A /* Frameworks */ = {
			isa = PBXFrameworksBuildPhase;
			buildActionMask = 2147483647;
			files = (
				F199AE2ABDC3DD43E6356CD8 /* Pods_TMDB.framework in Frameworks */,
			);
			runOnlyForDeploymentPostprocessing = 0;
		};
/* End PBXFrameworksBuildPhase section */

/* Begin PBXGroup section */
		24AAFCFD25114C7D00BE096A = {
			isa = PBXGroup;
			children = (
				24AAFD1D25114D6800BE096A /* Readme.md */,
				24AAFD0825114C7D00BE096A /* TMDB */,
				24AAFD0725114C7D00BE096A /* Products */,
				5657D7F05591BD66B90EEEB9 /* Pods */,
				5E62312C57F59B5C5D16A433 /* Frameworks */,
			);
			sourceTree = "<group>";
		};
		24AAFD0725114C7D00BE096A /* Products */ = {
			isa = PBXGroup;
			children = (
				24AAFD0625114C7D00BE096A /* TMDB.app */,
			);
			name = Products;
			sourceTree = "<group>";
		};
		24AAFD0825114C7D00BE096A /* TMDB */ = {
			isa = PBXGroup;
			children = (
				24AAFD0925114C7D00BE096A /* AppDelegate.swift */,
				24AAFD0B25114C7D00BE096A /* SceneDelegate.swift */,
				24AAFD292511621C00BE096A /* Managers */,
				24AAFD2C251162C300BE096A /* Models */,
				24AAFD222511531B00BE096A /* Views */,
				24AAFD1F25114EEF00BE096A /* Controllers */,
				24AAFD0F25114C7D00BE096A /* Main.storyboard */,
				24AAFD1225114C8000BE096A /* Assets.xcassets */,
				24AAFD1425114C8000BE096A /* LaunchScreen.storyboard */,
				24AAFD1725114C8000BE096A /* Info.plist */,
			);
			path = TMDB;
			sourceTree = "<group>";
		};
		24AAFD1F25114EEF00BE096A /* Controllers */ = {
			isa = PBXGroup;
			children = (
				24AAFD0D25114C7D00BE096A /* ViewController.swift */,
				24CCB4CA25116EDF00228B44 /* SearchTableViewController.swift */,
			);
			path = Controllers;
			sourceTree = "<group>";
		};
		24AAFD222511531B00BE096A /* Views */ = {
			isa = PBXGroup;
			children = (
				24C509F2251201FD00D703FA /* TopRatedMovieView.swift */,
				24C509F02512018F00D703FA /* TopRatedMovieView.xib */,
				24AAFD202511530500BE096A /* PopularMoviesTableView.swift */,
				24AAFD25251153E100BE096A /* PopularMovieTableViewCell.swift */,
				24AAFD232511535D00BE096A /* PopularMovieTableViewCell.xib */,
				24CBD0CF2512913A00DB0451 /* Pages */,
			);
			path = Views;
			sourceTree = "<group>";
		};
		24AAFD292511621C00BE096A /* Managers */ = {
			isa = PBXGroup;
			children = (
				24AAFD272511621800BE096A /* ServerManager.swift */,
			);
			path = Managers;
			sourceTree = "<group>";
		};
		24AAFD2C251162C300BE096A /* Models */ = {
			isa = PBXGroup;
			children = (
				24AAFD2A251162B400BE096A /* Movie.swift */,
			);
			path = Models;
			sourceTree = "<group>";
		};
		24CBD0CF2512913A00DB0451 /* Pages */ = {
			isa = PBXGroup;
			children = (
				24C865E725121AC7004EC6E3 /* StoriePage.swift */,
				24C865E5251219F1004EC6E3 /* StoriePage.xib */,
				24CBD0CB2512912000DB0451 /* VideoPage.swift */,
				24CBD0C7251290F800DB0451 /* VideoPage.xib */,
				24CBD0CD2512912F00DB0451 /* FavoritesPage.swift */,
				24CBD0C92512910F00DB0451 /* FavoritesPage.xib */,
			);
			path = Pages;
			sourceTree = "<group>";
		};
		5657D7F05591BD66B90EEEB9 /* Pods */ = {
			isa = PBXGroup;
			children = (
				F88425639735A34EB006DD48 /* Pods-TMDB.debug.xcconfig */,
				50BBB0B97FE7A61F8A16A4C0 /* Pods-TMDB.release.xcconfig */,
			);
			path = Pods;
			sourceTree = "<group>";
		};
		5E62312C57F59B5C5D16A433 /* Frameworks */ = {
			isa = PBXGroup;
			children = (
				5703B03C300AD49B0FA8F7E2 /* Pods_TMDB.framework */,
			);
			name = Frameworks;
			sourceTree = "<group>";
		};
/* End PBXGroup section */

/* Begin PBXNativeTarget section */
		24AAFD0525114C7D00BE096A /* TMDB */ = {
			isa = PBXNativeTarget;
			buildConfigurationList = 24AAFD1A25114C8000BE096A /* Build configuration list for PBXNativeTarget "TMDB" */;
			buildPhases = (
				F066985AE4F2ECC0E0269748 /* [CP] Check Pods Manifest.lock */,
				24AAFD0225114C7D00BE096A /* Sources */,
				24AAFD0325114C7D00BE096A /* Frameworks */,
				24AAFD0425114C7D00BE096A /* Resources */,
				D9DE0A795D767BB286E29101 /* [CP] Embed Pods Frameworks */,
			);
			buildRules = (
			);
			dependencies = (
			);
			name = TMDB;
			productName = TMDB;
			productReference = 24AAFD0625114C7D00BE096A /* TMDB.app */;
			productType = "com.apple.product-type.application";
		};
/* End PBXNativeTarget section */

/* Begin PBXProject section */
		24AAFCFE25114C7D00BE096A /* Project object */ = {
			isa = PBXProject;
			attributes = {
				LastSwiftUpdateCheck = 1160;
				LastUpgradeCheck = 1160;
				ORGANIZATIONNAME = MG;
				TargetAttributes = {
					24AAFD0525114C7D00BE096A = {
						CreatedOnToolsVersion = 11.6;
					};
				};
			};
			buildConfigurationList = 24AAFD0125114C7D00BE096A /* Build configuration list for PBXProject "TMDB" */;
			compatibilityVersion = "Xcode 9.3";
			developmentRegion = en;
			hasScannedForEncodings = 0;
			knownRegions = (
				en,
				Base,
			);
			mainGroup = 24AAFCFD25114C7D00BE096A;
			productRefGroup = 24AAFD0725114C7D00BE096A /* Products */;
			projectDirPath = "";
			projectRoot = "";
			targets = (
				24AAFD0525114C7D00BE096A /* TMDB */,
			);
		};
/* End PBXProject section */

/* Begin PBXResourcesBuildPhase section */
		24AAFD0425114C7D00BE096A /* Resources */ = {
			isa = PBXResourcesBuildPhase;
			buildActionMask = 2147483647;
			files = (
				24C509F12512018F00D703FA /* TopRatedMovieView.xib in Resources */,
				24AAFD1625114C8000BE096A /* LaunchScreen.storyboard in Resources */,
				24CBD0C8251290F800DB0451 /* VideoPage.xib in Resources */,
				24AAFD242511535D00BE096A /* PopularMovieTableViewCell.xib in Resources */,
				24C865E6251219F1004EC6E3 /* StoriePage.xib in Resources */,
				24CBD0CA2512910F00DB0451 /* FavoritesPage.xib in Resources */,
				24AAFD1325114C8000BE096A /* Assets.xcassets in Resources */,
				24AAFD1E25114D6800BE096A /* Readme.md in Resources */,
				24AAFD1125114C7D00BE096A /* Main.storyboard in Resources */,
			);
			runOnlyForDeploymentPostprocessing = 0;
		};
/* End PBXResourcesBuildPhase section */

/* Begin PBXShellScriptBuildPhase section */
		D9DE0A795D767BB286E29101 /* [CP] Embed Pods Frameworks */ = {
			isa = PBXShellScriptBuildPhase;
			buildActionMask = 2147483647;
			files = (
			);
			inputFileListPaths = (
				"${PODS_ROOT}/Target Support Files/Pods-TMDB/Pods-TMDB-frameworks-${CONFIGURATION}-input-files.xcfilelist",
			);
			name = "[CP] Embed Pods Frameworks";
			outputFileListPaths = (
				"${PODS_ROOT}/Target Support Files/Pods-TMDB/Pods-TMDB-frameworks-${CONFIGURATION}-output-files.xcfilelist",
			);
			runOnlyForDeploymentPostprocessing = 0;
			shellPath = /bin/sh;
			shellScript = "\"${PODS_ROOT}/Target Support Files/Pods-TMDB/Pods-TMDB-frameworks.sh\"\n";
			showEnvVarsInLog = 0;
		};
		F066985AE4F2ECC0E0269748 /* [CP] Check Pods Manifest.lock */ = {
			isa = PBXShellScriptBuildPhase;
			buildActionMask = 2147483647;
			files = (
			);
			inputFileListPaths = (
			);
			inputPaths = (
				"${PODS_PODFILE_DIR_PATH}/Podfile.lock",
				"${PODS_ROOT}/Manifest.lock",
			);
			name = "[CP] Check Pods Manifest.lock";
			outputFileListPaths = (
			);
			outputPaths = (
				"$(DERIVED_FILE_DIR)/Pods-TMDB-checkManifestLockResult.txt",
			);
			runOnlyForDeploymentPostprocessing = 0;
			shellPath = /bin/sh;
			shellScript = "diff \"${PODS_PODFILE_DIR_PATH}/Podfile.lock\" \"${PODS_ROOT}/Manifest.lock\" > /dev/null\nif [ $? != 0 ] ; then\n    # print error to STDERR\n    echo \"error: The sandbox is not in sync with the Podfile.lock. Run 'pod install' or update your CocoaPods installation.\" >&2\n    exit 1\nfi\n# This output is used by Xcode 'outputs' to avoid re-running this script phase.\necho \"SUCCESS\" > \"${SCRIPT_OUTPUT_FILE_0}\"\n";
			showEnvVarsInLog = 0;
		};
/* End PBXShellScriptBuildPhase section */

/* Begin PBXSourcesBuildPhase section */
		24AAFD0225114C7D00BE096A /* Sources */ = {
			isa = PBXSourcesBuildPhase;
			buildActionMask = 2147483647;
			files = (
				24CBD0CE2512912F00DB0451 /* FavoritesPage.swift in Sources */,
				24CBD0CC2512912000DB0451 /* VideoPage.swift in Sources */,
				24AAFD2B251162B400BE096A /* Movie.swift in Sources */,
				24AAFD26251153E100BE096A /* PopularMovieTableViewCell.swift in Sources */,
				24AAFD0E25114C7D00BE096A /* ViewController.swift in Sources */,
				24AAFD212511530500BE096A /* PopularMoviesTableView.swift in Sources */,
				24AAFD0A25114C7D00BE096A /* AppDelegate.swift in Sources */,
				24AAFD282511621800BE096A /* ServerManager.swift in Sources */,
				24C865E825121AC7004EC6E3 /* StoriePage.swift in Sources */,
				24AAFD0C25114C7D00BE096A /* SceneDelegate.swift in Sources */,
				24CCB4CB25116EDF00228B44 /* SearchTableViewController.swift in Sources */,
				24C509F3251201FD00D703FA /* TopRatedMovieView.swift in Sources */,
			);
			runOnlyForDeploymentPostprocessing = 0;
		};
/* End PBXSourcesBuildPhase section */

/* Begin PBXVariantGroup section */
		24AAFD0F25114C7D00BE096A /* Main.storyboard */ = {
			isa = PBXVariantGroup;
			children = (
				24AAFD1025114C7D00BE096A /* Base */,
			);
			name = Main.storyboard;
			sourceTree = "<group>";
		};
		24AAFD1425114C8000BE096A /* LaunchScreen.storyboard */ = {
			isa = PBXVariantGroup;
			children = (
				24AAFD1525114C8000BE096A /* Base */,
			);
			name = LaunchScreen.storyboard;
			sourceTree = "<group>";
		};
/* End PBXVariantGroup section */

/* Begin XCBuildConfiguration section */
		24AAFD1825114C8000BE096A /* Debug */ = {
			isa = XCBuildConfiguration;
			buildSettings = {
				ALWAYS_SEARCH_USER_PATHS = NO;
				CLANG_ANALYZER_NONNULL = YES;
				CLANG_ANALYZER_NUMBER_OBJECT_CONVERSION = YES_AGGRESSIVE;
				CLANG_CXX_LANGUAGE_STANDARD = "gnu++14";
				CLANG_CXX_LIBRARY = "libc++";
				CLANG_ENABLE_MODULES = YES;
				CLANG_ENABLE_OBJC_ARC = YES;
				CLANG_ENABLE_OBJC_WEAK = YES;
				CLANG_WARN_BLOCK_CAPTURE_AUTORELEASING = YES;
				CLANG_WARN_BOOL_CONVERSION = YES;
				CLANG_WARN_COMMA = YES;
				CLANG_WARN_CONSTANT_CONVERSION = YES;
				CLANG_WARN_DEPRECATED_OBJC_IMPLEMENTATIONS = YES;
				CLANG_WARN_DIRECT_OBJC_ISA_USAGE = YES_ERROR;
				CLANG_WARN_DOCUMENTATION_COMMENTS = YES;
				CLANG_WARN_EMPTY_BODY = YES;
				CLANG_WARN_ENUM_CONVERSION = YES;
				CLANG_WARN_INFINITE_RECURSION = YES;
				CLANG_WARN_INT_CONVERSION = YES;
				CLANG_WARN_NON_LITERAL_NULL_CONVERSION = YES;
				CLANG_WARN_OBJC_IMPLICIT_RETAIN_SELF = YES;
				CLANG_WARN_OBJC_LITERAL_CONVERSION = YES;
				CLANG_WARN_OBJC_ROOT_CLASS = YES_ERROR;
				CLANG_WARN_RANGE_LOOP_ANALYSIS = YES;
				CLANG_WARN_STRICT_PROTOTYPES = YES;
				CLANG_WARN_SUSPICIOUS_MOVE = YES;
				CLANG_WARN_UNGUARDED_AVAILABILITY = YES_AGGRESSIVE;
				CLANG_WARN_UNREACHABLE_CODE = YES;
				CLANG_WARN__DUPLICATE_METHOD_MATCH = YES;
				COPY_PHASE_STRIP = NO;
				DEBUG_INFORMATION_FORMAT = dwarf;
				ENABLE_STRICT_OBJC_MSGSEND = YES;
				ENABLE_TESTABILITY = YES;
				GCC_C_LANGUAGE_STANDARD = gnu11;
				GCC_DYNAMIC_NO_PIC = NO;
				GCC_NO_COMMON_BLOCKS = YES;
				GCC_OPTIMIZATION_LEVEL = 0;
				GCC_PREPROCESSOR_DEFINITIONS = (
					"DEBUG=1",
					"$(inherited)",
				);
				GCC_WARN_64_TO_32_BIT_CONVERSION = YES;
				GCC_WARN_ABOUT_RETURN_TYPE = YES_ERROR;
				GCC_WARN_UNDECLARED_SELECTOR = YES;
				GCC_WARN_UNINITIALIZED_AUTOS = YES_AGGRESSIVE;
				GCC_WARN_UNUSED_FUNCTION = YES;
				GCC_WARN_UNUSED_VARIABLE = YES;
				IPHONEOS_DEPLOYMENT_TARGET = 13.6;
				MTL_ENABLE_DEBUG_INFO = INCLUDE_SOURCE;
				MTL_FAST_MATH = YES;
				ONLY_ACTIVE_ARCH = YES;
				SDKROOT = iphoneos;
				SWIFT_ACTIVE_COMPILATION_CONDITIONS = DEBUG;
				SWIFT_OPTIMIZATION_LEVEL = "-Onone";
			};
			name = Debug;
		};
		24AAFD1925114C8000BE096A /* Release */ = {
			isa = XCBuildConfiguration;
			buildSettings = {
				ALWAYS_SEARCH_USER_PATHS = NO;
				CLANG_ANALYZER_NONNULL = YES;
				CLANG_ANALYZER_NUMBER_OBJECT_CONVERSION = YES_AGGRESSIVE;
				CLANG_CXX_LANGUAGE_STANDARD = "gnu++14";
				CLANG_CXX_LIBRARY = "libc++";
				CLANG_ENABLE_MODULES = YES;
				CLANG_ENABLE_OBJC_ARC = YES;
				CLANG_ENABLE_OBJC_WEAK = YES;
				CLANG_WARN_BLOCK_CAPTURE_AUTORELEASING = YES;
				CLANG_WARN_BOOL_CONVERSION = YES;
				CLANG_WARN_COMMA = YES;
				CLANG_WARN_CONSTANT_CONVERSION = YES;
				CLANG_WARN_DEPRECATED_OBJC_IMPLEMENTATIONS = YES;
				CLANG_WARN_DIRECT_OBJC_ISA_USAGE = YES_ERROR;
				CLANG_WARN_DOCUMENTATION_COMMENTS = YES;
				CLANG_WARN_EMPTY_BODY = YES;
				CLANG_WARN_ENUM_CONVERSION = YES;
				CLANG_WARN_INFINITE_RECURSION = YES;
				CLANG_WARN_INT_CONVERSION = YES;
				CLANG_WARN_NON_LITERAL_NULL_CONVERSION = YES;
				CLANG_WARN_OBJC_IMPLICIT_RETAIN_SELF = YES;
				CLANG_WARN_OBJC_LITERAL_CONVERSION = YES;
				CLANG_WARN_OBJC_ROOT_CLASS = YES_ERROR;
				CLANG_WARN_RANGE_LOOP_ANALYSIS = YES;
				CLANG_WARN_STRICT_PROTOTYPES = YES;
				CLANG_WARN_SUSPICIOUS_MOVE = YES;
				CLANG_WARN_UNGUARDED_AVAILABILITY = YES_AGGRESSIVE;
				CLANG_WARN_UNREACHABLE_CODE = YES;
				CLANG_WARN__DUPLICATE_METHOD_MATCH = YES;
				COPY_PHASE_STRIP = NO;
				DEBUG_INFORMATION_FORMAT = "dwarf-with-dsym";
				ENABLE_NS_ASSERTIONS = NO;
				ENABLE_STRICT_OBJC_MSGSEND = YES;
				GCC_C_LANGUAGE_STANDARD = gnu11;
				GCC_NO_COMMON_BLOCKS = YES;
				GCC_WARN_64_TO_32_BIT_CONVERSION = YES;
				GCC_WARN_ABOUT_RETURN_TYPE = YES_ERROR;
				GCC_WARN_UNDECLARED_SELECTOR = YES;
				GCC_WARN_UNINITIALIZED_AUTOS = YES_AGGRESSIVE;
				GCC_WARN_UNUSED_FUNCTION = YES;
				GCC_WARN_UNUSED_VARIABLE = YES;
				IPHONEOS_DEPLOYMENT_TARGET = 13.6;
				MTL_ENABLE_DEBUG_INFO = NO;
				MTL_FAST_MATH = YES;
				SDKROOT = iphoneos;
				SWIFT_COMPILATION_MODE = wholemodule;
				SWIFT_OPTIMIZATION_LEVEL = "-O";
				VALIDATE_PRODUCT = YES;
			};
			name = Release;
		};
		24AAFD1B25114C8000BE096A /* Debug */ = {
			isa = XCBuildConfiguration;
			baseConfigurationReference = F88425639735A34EB006DD48 /* Pods-TMDB.debug.xcconfig */;
			buildSettings = {
				ASSETCATALOG_COMPILER_APPICON_NAME = AppIcon;
				CODE_SIGN_STYLE = Automatic;
				INFOPLIST_FILE = TMDB/Info.plist;
				LD_RUNPATH_SEARCH_PATHS = (
					"$(inherited)",
					"@executable_path/Frameworks",
				);
				PRODUCT_BUNDLE_IDENTIFIER = MG.TMDB;
				PRODUCT_NAME = "$(TARGET_NAME)";
				SWIFT_VERSION = 5.0;
				TARGETED_DEVICE_FAMILY = "1,2";
			};
			name = Debug;
		};
		24AAFD1C25114C8000BE096A /* Release */ = {
			isa = XCBuildConfiguration;
			baseConfigurationReference = 50BBB0B97FE7A61F8A16A4C0 /* Pods-TMDB.release.xcconfig */;
			buildSettings = {
				ASSETCATALOG_COMPILER_APPICON_NAME = AppIcon;
				CODE_SIGN_STYLE = Automatic;
				INFOPLIST_FILE = TMDB/Info.plist;
				LD_RUNPATH_SEARCH_PATHS = (
					"$(inherited)",
					"@executable_path/Frameworks",
				);
				PRODUCT_BUNDLE_IDENTIFIER = MG.TMDB;
				PRODUCT_NAME = "$(TARGET_NAME)";
				SWIFT_VERSION = 5.0;
				TARGETED_DEVICE_FAMILY = "1,2";
			};
			name = Release;
		};
/* End XCBuildConfiguration section */

/* Begin XCConfigurationList section */
		24AAFD0125114C7D00BE096A /* Build configuration list for PBXProject "TMDB" */ = {
			isa = XCConfigurationList;
			buildConfigurations = (
				24AAFD1825114C8000BE096A /* Debug */,
				24AAFD1925114C8000BE096A /* Release */,
			);
			defaultConfigurationIsVisible = 0;
			defaultConfigurationName = Release;
		};
		24AAFD1A25114C8000BE096A /* Build configuration list for PBXNativeTarget "TMDB" */ = {
			isa = XCConfigurationList;
			buildConfigurations = (
				24AAFD1B25114C8000BE096A /* Debug */,
				24AAFD1C25114C8000BE096A /* Release */,
			);
			defaultConfigurationIsVisible = 0;
			defaultConfigurationName = Release;
		};
/* End XCConfigurationList section */
	};
	rootObject = 24AAFCFE25114C7D00BE096A /* Project object */;
}
